Microsoft Visual Studio Solution File, Format Version 12.00
# Visual Studio Version 17
VisualStudioVersion = 17.5.2.0
MinimumVisualStudioVersion = 10.0.40219.1
Project("{FAE04EC0-301F-11D3-BF4B-00C04F79EFBC}") = "4. Observer [MoreNews]", "4. Observer [MoreNews].csproj", "{AF5A0749-040E-6F0D-4473-24E0BE82CF6B}"
EndProject
Global
	GlobalSection(SolutionConfigurationPlatforms) = preSolution
		Debug|Any CPU = Debug|Any CPU
		Release|Any CPU = Release|Any CPU
	EndGlobalSection
	GlobalSection(ProjectConfigurationPlatforms) = postSolution
		{AF5A0749-040E-6F0D-4473-24E0BE82CF6B}.Debug|Any CPU.ActiveCfg = Debug|Any CPU
		{AF5A0749-040E-6F0D-4473-24E0BE82CF6B}.Debug|Any CPU.Build.0 = Debug|Any CPU
		{AF5A0749-040E-6F0D-4473-24E0BE82CF6B}.Release|Any CPU.ActiveCfg = Release|Any CPU
		{AF5A0749-040E-6F0D-4473-24E0BE82CF6B}.Release|Any CPU.Build.0 = Release|Any CPU
	EndGlobalSection
	GlobalSection(SolutionProperties) = preSolution
		HideSolutionNode = FALSE
	EndGlobalSection
	GlobalSection(ExtensibilityGlobals) = postSolution
		SolutionGuid = {17E3A3A8-C726-41E8-ACC7-79036040CC38}
	EndGlobalSection
EndGlobal
